
Microsoft Visual Studio Solution File, Format Version 12.00
# Visual Studio Version 17
VisualStudioVersion = 17.1.32414.318
MinimumVisualStudioVersion = 10.0.40219.1
Project("{FAE04EC0-301F-11D3-BF4B-00C04F79EFBC}") = "questlists_manager_public", "questlists_manager_public\questlists_manager_public.csproj", "{A642E111-3B99-4452-9CBD-1F835D54F245}"
EndProject
Global
	GlobalSection(SolutionConfigurationPlatforms) = preSolution
		Debug|Any CPU = Debug|Any CPU
		Release|Any CPU = Release|Any CPU
	EndGlobalSection
	GlobalSection(ProjectConfigurationPlatforms) = postSolution
		{A642E111-3B99-4452-9CBD-1F835D54F245}.Debug|Any CPU.ActiveCfg = Debug|Any CPU
		{A642E111-3B99-4452-9CBD-1F835D54F245}.Debug|Any CPU.Build.0 = Debug|Any CPU
		{A642E111-3B99-4452-9CBD-1F835D54F245}.Release|Any CPU.ActiveCfg = Release|Any CPU
		{A642E111-3B99-4452-9CBD-1F835D54F245}.Release|Any CPU.Build.0 = Release|Any CPU
	EndGlobalSection
	GlobalSection(SolutionProperties) = preSolution
		HideSolutionNode = FALSE
	EndGlobalSection
	GlobalSection(ExtensibilityGlobals) = postSolution
		SolutionGuid = {C0EA0B1A-0859-48E5-9FDA-832C701DBB5E}
	EndGlobalSection
EndGlobal
